
Microsoft Visual Studio Solution File, Format Version 12.00
# Visual Studio Version 17
VisualStudioVersion = 17.9.34622.214
MinimumVisualStudioVersion = 10.0.40219.1
Project("{FAE04EC0-301F-11D3-BF4B-00C04F79EFBC}") = "Unicam.Paradigmi.Test", "Unicam.Paradigmi.Test\Unicam.Paradigmi.Test.csproj", "{A444580C-E3BE-4916-9E2D-19F6EA4C3FA7}"
EndProject
Global
	GlobalSection(SolutionConfigurationPlatforms) = preSolution
		Debug|Any CPU = Debug|Any CPU
		Release|Any CPU = Release|Any CPU
	EndGlobalSection
	GlobalSection(ProjectConfigurationPlatforms) = postSolution
		{A444580C-E3BE-4916-9E2D-19F6EA4C3FA7}.Debug|Any CPU.ActiveCfg = Debug|Any CPU
		{A444580C-E3BE-4916-9E2D-19F6EA4C3FA7}.Debug|Any CPU.Build.0 = Debug|Any CPU
		{A444580C-E3BE-4916-9E2D-19F6EA4C3FA7}.Release|Any CPU.ActiveCfg = Release|Any CPU
		{A444580C-E3BE-4916-9E2D-19F6EA4C3FA7}.Release|Any CPU.Build.0 = Release|Any CPU
	EndGlobalSection
	GlobalSection(SolutionProperties) = preSolution
		HideSolutionNode = FALSE
	EndGlobalSection
	GlobalSection(ExtensibilityGlobals) = postSolution
		SolutionGuid = {6E467FCF-B992-475F-A374-E92407E6F804}
	EndGlobalSection
EndGlobal
